{
    "_meta": {
        "hash": {
            "sha256": "763cb8eee4d040e46bc469606540b75c1520a5167ae971f6e96f48d53bef6508"
        },
        "pipfile-spec": 6,
        "requires": {
            "python_version": "3.8"
        },
        "sources": [
            {
                "name": "pypi",
                "url": "https://pypi.org/simple",
                "verify_ssl": true
            }
        ]
    },
    "default": {
        "certifi": {
            "hashes": [
                "sha256:1a4995114262bffbc2413b159f2a1a480c969de6e6eb13ee966d470af86af59c",
                "sha256:719a74fb9e33b9bd44cc7f3a8d94bc35e4049deebe19ba7d8e108280cfd59830"
            ],
            "version": "==2020.12.5"
        },
        "chardet": {
            "hashes": [
                "sha256:0d6f53a15db4120f2b08c94f11e7d93d2c911ee118b6b30a04ec3ee8310179fa",
                "sha256:f864054d66fd9118f2e67044ac8981a54775ec5b67aed0441892edb553d21da5"
            ],
            "markers": "python_version >= '2.7' and python_version not in '3.0, 3.1, 3.2, 3.3, 3.4'",
            "version": "==4.0.0"
        },
        "click": {
            "hashes": [
                "sha256:d2b5255c7c6349bc1bd1e59e08cd12acbbd63ce649f2588755783aa94dfb6b1a",
                "sha256:dacca89f4bfadd5de3d7489b7c8a566eee0d3676333fbb50030263894c38c0dc"
            ],
            "index": "pypi",
            "version": "==7.1.2"
        },
        "colorama": {
            "hashes": [
                "sha256:5941b2b48a20143d2267e95b1c2a7603ce057ee39fd88e7329b0c292aa16869b",
                "sha256:9f47eda37229f68eee03b24b9748937c7dc3868f906e8ba69fbcbdd3bc5dc3e2"
            ],
            "index": "pypi",
            "version": "==0.4.4"
        },
        "flask": {
            "hashes": [
                "sha256:4efa1ae2d7c9865af48986de8aeb8504bf32c7f3d6fdc9353d34b21f4b127060",
                "sha256:8a4fdd8936eba2512e9c85df320a37e694c93945b33ef33c89946a340a238557"
            ],
            "index": "pypi",
            "version": "==1.1.2"
        },
        "idna": {
            "hashes": [
                "sha256:b307872f855b18632ce0c21c5e45be78c0ea7ae4c15c828c20788b26921eb3f6",
                "sha256:b97d804b1e9b523befed77c48dacec60e6dcb0b5391d57af6a65a312a90648c0"
            ],
            "markers": "python_version >= '2.7' and python_version not in '3.0, 3.1, 3.2, 3.3'",
            "version": "==2.10"
        },
        "itsdangerous": {
            "hashes": [
                "sha256:321b033d07f2a4136d3ec762eac9f16a10ccd60f53c0c91af90217ace7ba1f19",
                "sha256:b12271b2047cb23eeb98c8b5622e2e5c5e9abd9784a153e9d8ef9cb4dd09d749"
            ],
            "markers": "python_version >= '2.7' and python_version not in '3.0, 3.1, 3.2, 3.3'",
            "version": "==1.1.0"
        },
        "jinja2": {
            "hashes": [
                "sha256:89aab215427ef59c34ad58735269eb58b1a5808103067f7bb9d5836c651b3bb0",
                "sha256:f0a4641d3cf955324a89c04f3d94663aa4d638abe8f733ecd3582848e1c37035"
            ],
            "markers": "python_version >= '2.7' and python_version not in '3.0, 3.1, 3.2, 3.3, 3.4'",
            "version": "==2.11.2"
        },
        "markupsafe": {
            "hashes": [
                "sha256:00bc623926325b26bb9605ae9eae8a215691f33cae5df11ca5424f06f2d1f473",
                "sha256:09027a7803a62ca78792ad89403b1b7a73a01c8cb65909cd876f7fcebd79b161",
                "sha256:09c4b7f37d6c648cb13f9230d847adf22f8171b1ccc4d5682398e77f40309235",
                "sha256:1027c282dad077d0bae18be6794e6b6b8c91d58ed8a8d89a89d59693b9131db5",
                "sha256:13d3144e1e340870b25e7b10b98d779608c02016d5184cfb9927a9f10c689f42",
                "sha256:24982cc2533820871eba85ba648cd53d8623687ff11cbb805be4ff7b4c971aff",
                "sha256:29872e92839765e546828bb7754a68c418d927cd064fd4708fab9fe9c8bb116b",
                "sha256:43a55c2930bbc139570ac2452adf3d70cdbb3cfe5912c71cdce1c2c6bbd9c5d1",
                "sha256:46c99d2de99945ec5cb54f23c8cd5689f6d7177305ebff350a58ce5f8de1669e",
                "sha256:500d4957e52ddc3351cabf489e79c91c17f6e0899158447047588650b5e69183",
                "sha256:535f6fc4d397c1563d08b88e485c3496cf5784e927af890fb3c3aac7f933ec66",
                "sha256:596510de112c685489095da617b5bcbbac7dd6384aeebeda4df6025d0256a81b",
                "sha256:62fe6c95e3ec8a7fad637b7f3d372c15ec1caa01ab47926cfdf7a75b40e0eac1",
                "sha256:6788b695d50a51edb699cb55e35487e430fa21f1ed838122d722e0ff0ac5ba15",
                "sha256:6dd73240d2af64df90aa7c4e7481e23825ea70af4b4922f8ede5b9e35f78a3b1",
                "sha256:717ba8fe3ae9cc0006d7c451f0bb265ee07739daf76355d06366154ee68d221e",
                "sha256:79855e1c5b8da654cf486b830bd42c06e8780cea587384cf6545b7d9ac013a0b",
                "sha256:7c1699dfe0cf8ff607dbdcc1e9b9af1755371f92a68f706051cc8c37d447c905",
                "sha256:88e5fcfb52ee7b911e8bb6d6aa2fd21fbecc674eadd44118a9cc3863f938e735",
                "sha256:8defac2f2ccd6805ebf65f5eeb132adcf2ab57aa11fdf4c0dd5169a004710e7d",
                "sha256:98c7086708b163d425c67c7a91bad6e466bb99d797aa64f965e9d25c12111a5e",
                "sha256:9add70b36c5666a2ed02b43b335fe19002ee5235efd4b8a89bfcf9005bebac0d",
                "sha256:9bf40443012702a1d2070043cb6291650a0841ece432556f784f004937f0f32c",
                "sha256:ade5e387d2ad0d7ebf59146cc00c8044acbd863725f887353a10df825fc8ae21",
                "sha256:b00c1de48212e4cc9603895652c5c410df699856a2853135b3967591e4beebc2",
                "sha256:b1282f8c00509d99fef04d8ba936b156d419be841854fe901d8ae224c59f0be5",
                "sha256:b2051432115498d3562c084a49bba65d97cf251f5a331c64a12ee7e04dacc51b",
                "sha256:ba59edeaa2fc6114428f1637ffff42da1e311e29382d81b339c1817d37ec93c6",
                "sha256:c8716a48d94b06bb3b2524c2b77e055fb313aeb4ea620c8dd03a105574ba704f",
                "sha256:cd5df75523866410809ca100dc9681e301e3c27567cf498077e8551b6d20e42f",
                "sha256:cdb132fc825c38e1aeec2c8aa9338310d29d337bebbd7baa06889d09a60a1fa2",
                "sha256:e249096428b3ae81b08327a63a485ad0878de3fb939049038579ac0ef61e17e7",
                "sha256:e8313f01ba26fbbe36c7be1966a7b7424942f670f38e666995b88d012765b9be"
            ],
            "markers": "python_version >= '2.7' and python_version not in '3.0, 3.1, 3.2, 3.3'",
            "version": "==1.1.1"
        },
        "mutagen": {
            "hashes": [
                "sha256:6397602efb3c2d7baebd2166ed85731ae1c1d475abca22090b7141ff5034b3e1",
                "sha256:9c9f243fcec7f410f138cb12c21c84c64fde4195481a30c9bfb05b5f003adfed"
            ],
            "index": "pypi",
            "version": "==1.45.1"
        },
        "pytube": {
            "hashes": [
                "sha256:a93e80476b200d2195cddb24d7707a05fcf9b12a2f50da2fd7daeceebf47452d",
                "sha256:e3a496b049e03a9f2809c28bf562022b0efc9e926f0ec0dd982a083b5b27e344"
            ],
            "index": "pypi",
            "version": "==10.4.1"
        },
        "rapidfuzz": {
            "hashes": [
                "sha256:040ee5c57a3f1e0ce32819881d4769c67dcc557d0c07d5d41a3f28f173ca1a0d",
                "sha256:0c41f8efc5202f24fdf017cd0b34f74aa42ce1dd06b737676882f0d1599e47ca",
                "sha256:120ab0f475c0f11f7425e5dce6403b17fc671794bad0ba71a13c8251a4aa007f",
                "sha256:16beaf9d959edefad0ed621a57becc43f672316e007b07bf1f9bd9287216589a",
                "sha256:16f99227a0a46ffe5774af29de73f196f4cb59fdd3552d6a38e4bf6fbe75049a",
                "sha256:1bfeb279ac038649d3f07abbadaa714dffa25b4ceebf746f4f072f0a9acceac6",
                "sha256:1cd7fdb1d90435fd06330e59e30f09f7d646f7962f055ddd44de0b510a75bc32",
                "sha256:2127dbab28df7c9b6cb8c6a08f684cfd595df00a6c14b6332839d463b1d8a807",
                "sha256:2250248fd95976fa3fda5b9c4eb496ddfeb85970d0f4dbb5b5958c92b364ec15",
                "sha256:22da56d187f041b9cc4f762ef3677a37518f4dbed5da4197b4efeee49373ae1f",
                "sha256:25fca66a776a101e41859716295b7d51e31793a9df7f1ddb0bef2cc674fc3349",
                "sha256:2a8b46f43d47c5c47797b15f0f37f5087260215c0bd6925facd5f9f32d6c0a08",
                "sha256:3223483603e161c35f38eae16c36d30b608ab2f7b6214c3123ec1fb0d82a2b6f",
                "sha256:34981441a08efac835b610aba2ff4e3b391a6b7294d64b0bfc7bac91c211df34",
                "sha256:360d319e0f9e826f0a85cf24554b80542c214515ac0f3109a5f4c96acd8fd0f5",
                "sha256:366259b5cc67544f641d3d9476aec67b4154da2c9870a72baa2a9d4c9dddb35e",
                "sha256:3ab39e3e76cdcc1e8ff7e1a6d9e247283e01ea570ceb0989fd2e819fb5609bb8",
                "sha256:3af12500c160b8a3813cd13f249a8d8c8d5b169469858d5e6c26860d3bdb1b8d",
                "sha256:3ea9956a35af6d2175dfe9843745150019a3f0ca2aafc0e1901125320b64f77f",
                "sha256:46cc5c2dc095a77a2578d6936157b5d783f9a0714198abb44b6ce0c863843746",
                "sha256:4de55a2910758969c6dbe18a7887f7fae332eb4c2accf7c71584f742aeb9b533",
                "sha256:4e55da0f148cb687563e58c841864febcbad497cddf30835bd6165ec1426aad9",
                "sha256:53f0af43c09fae22594d1c88a9398d43061f1ca3d5fce4aabf0e7b10ae5b233b",
                "sha256:5949013dc4e431b356ecda9aabcb80da758d8effabecbae846e8770521be85a1",
                "sha256:594919edd0f9312ad4a7a1aeeae0ce26fc9c61d6607566ca8a13e8a827f6e257",
                "sha256:5f79b61c97879f0d508a8351dfa358a756958d6afa2179048ad8d3ad96dc7fe5",
                "sha256:61a5268d514c18b035d096b67479ee7843dc299a4535edd80460d62f31ffdc3b",
                "sha256:647229d17dbe5329d12fbf5ed136c2d2d44aeb34e111bb8c00cbc68027ef79f7",
                "sha256:67846dd9ef37d3025defc48f59afa645e84a6f5c10610fa4324330bc1e776f88",
                "sha256:67e32a58db9e467677d0b6e61121dd397daa948fee04de82b91da79179d266d8",
                "sha256:6ae7bd3de89c514be7de0b1311ac8d142d39494379fce44150c0050f6900904e",
                "sha256:6b77d7fc42819f4d05fdd0ef7bdabdfe76852ed8cb30dc9df8d3cce41a7b9072",
                "sha256:8122c305bec1f947dfc5162f52c0b68dea6e19165a1e689425fcd0f688d4c1c9",
                "sha256:8d8ee6cc74a9cbb1a36559cfdeee07f46af169627b122fe9c3d38edd80a1f143",
                "sha256:8f28db518934f156d15b4deaf30619216e0596a2f351dbe3f57e542c56d4bb93",
                "sha256:9649351ff919d7368ac7a9c72b8ef2c95a592770c0434e880378813ce437cdd2",
                "sha256:990c6df3e7f0428ee7f80572d1e3322626f479df300bebf1b3b287a3ff7c8ddd",
                "sha256:9a3012d7bb22177ab58e4dfbed361a63bb01238a03a604263fdbfc89ef654a0c",
                "sha256:9d7bf8a08e4e8d49ff7a325473b93b56739dd25ddb650606ff823ec822de9a79",
                "sha256:b36b4b6a52ff6457cb41859f55a440a1955b46cc3dc4a40bfeba177ebe8bb074",
                "sha256:c68f48c25c34de3a8ace130f3088dc19493c7f3508d1cf8d1604abcbbb719927",
                "sha256:ca72382431b2282000aaa015fb7a8064f0d6c82b1fd1109c0bb04ade46e2fdf2",
                "sha256:cdb431d475f62b0a8f687ad84607fb99f55f5892082cd94ef5bc34e7801c1d78",
                "sha256:cdc0e1c4d3a9dd3b687d88e8121cf91e13497a14508b00fbea093cac07f7d495",
                "sha256:d0ed8661b46adf47eabaf64b559b569f942d117a1fd042d7d6cad09bc82269ac",
                "sha256:df448a98c977d31891d9276733c2e7e134e8c2ed56bfa550c97a263efd003f5f",
                "sha256:dfa9bf4dbfde90bac2a7aa66af9696cd8a1b4428afc69d7b0f78a51bc95d6963",
                "sha256:e048a0ae2d522bcef5f653b55cec13f1606eceb4175beb675731d4eafd8e5cb0",
                "sha256:e15b68c3e448f39da5fa1871a9dcadaec7f84b81f6e1383c70a16d1f5a745594",
                "sha256:e2a8404a847352c1fd80ca0443ef75e3b76801f85f5c022d8ebc47d9f2290557",
                "sha256:e37d1a4f03cb1457651323075a356a4b85fc7acf6f05ccbc03c7206f200317b9",
                "sha256:e7509ac29b62fa2decbdc31af3f3af0214d6c0308410b23e30560d4ed121e2ab",
                "sha256:e85c28068cf22257050ffc8663f9b03f594479f0a7f11018cbb32099f1251da4",
                "sha256:f0f9f38817cae349a305099b66a47a36295272e32d9416035f31748188f94cf1",
                "sha256:f46a1b741f9b3a6763e3f4141196346f1729db5c8efe4ed9e404b04c8fb87aee",
                "sha256:fe54baf0507a707c42767cdc518dac75dd8af5f3cfdc5bf7b4758e0e6c107d05"
            ],
            "index": "pypi",
            "version": "==0.14.2"
        },
        "requests": {
            "hashes": [
                "sha256:27973dd4a904a4f13b263a19c866c13b92a39ed1c964655f025f3f8d3d75b804",
                "sha256:c210084e36a42ae6b9219e00e48287def368a26d03a048ddad7bfee44f75871e"
            ],
            "index": "pypi",
            "version": "==2.25.1"
        },
        "six": {
            "hashes": [
                "sha256:30639c035cdb23534cd4aa2dd52c3bf48f06e5f4a941509c8bafd8ce11080259",
                "sha256:8b74bedcbbbaca38ff6d7491d76f2b06b3592611af620f8426e82dddb04a5ced"
            ],
            "markers": "python_version >= '2.7' and python_version not in '3.0, 3.1, 3.2, 3.3'",
            "version": "==1.15.0"
        },
        "spotipy": {
            "hashes": [
                "sha256:2670ad5715d5bd53a353708eea0ab2aa154232e2fe25d826dc39da5b910f0e17",
                "sha256:4564a6b05959deb82acc96a3fe6883db1ad9f8c73b7ff3b9f1f44db43feba0b8",
                "sha256:9d4f0c5857a2c9bb72b39d66e38182ccaf62bcf18a5a16b4f2be8e802eca2f2c"
            ],
            "index": "pypi",
            "version": "==2.16.1"
        },
        "tqdm": {
            "hashes": [
                "sha256:4621f6823bab46a9cc33d48105753ccbea671b68bab2c50a9f0be23d4065cb5a",
                "sha256:fe3d08dd00a526850568d542ff9de9bbc2a09a791da3c334f3213d8d0bbbca65"
            ],
            "index": "pypi",
            "version": "==4.56.0"
        },
        "typing-extensions": {
            "hashes": [
                "sha256:7cb407020f00f7bfc3cb3e7881628838e69d8f3fcab2f64742a5e76b2f841918",
                "sha256:99d4073b617d30288f569d3f13d2bd7548c3a7e4c8de87db09a9d29bb3a4a60c",
                "sha256:dafc7639cde7f1b6e1acc0f457842a83e722ccca8eef5270af2d74792619a89f"
            ],
            "version": "==3.7.4.3"
        },
        "urllib3": {
            "hashes": [
                "sha256:19188f96923873c92ccb987120ec4acaa12f0461fa9ce5d3d0772bc965a39e08",
                "sha256:d8ff90d979214d7b4f8ce956e80f4028fc6860e4431f731ea4a8c08f23f99473"
            ],
            "markers": "python_version >= '2.7' and python_version not in '3.0, 3.1, 3.2, 3.3, 3.4' and python_version < '4'",
            "version": "==1.26.2"
        },
        "werkzeug": {
            "hashes": [
                "sha256:2de2a5db0baeae7b2d2664949077c2ac63fbd16d98da0ff71837f7d1dea3fd43",
                "sha256:6c80b1e5ad3665290ea39320b91e1be1e0d5f60652b964a3070216de83d2e47c"
            ],
            "markers": "python_version >= '2.7' and python_version not in '3.0, 3.1, 3.2, 3.3, 3.4'",
            "version": "==1.0.1"
        },
        "ytmusicapi": {
            "hashes": [
                "sha256:2ce2f0c7aac22297570d01b006aa122aa7907dcb3891ece45cfb868047d8c707",
                "sha256:e8d9471df5336af17b6bc211333f9555d5044885ae03d519a059113174fdfac6"
            ],
            "index": "pypi",
            "version": "==0.12.2"
        }
    },
    "develop": {
        "astroid": {
            "hashes": [
                "sha256:2f4078c2a41bf377eea06d71c9d2ba4eb8f6b1af2135bec27bbbb7d8f12bb703",
                "sha256:bc58d83eb610252fd8de6363e39d4f1d0619c894b0ed24603b881c02e64c7386"
            ],
            "markers": "python_version >= '3.5'",
            "version": "==2.4.2"
        },
        "autopep8": {
            "hashes": [
                "sha256:d21d3901cb0da6ebd1e83fc9b0dfbde8b46afc2ede4fe32fbda0c7c6118ca094"
            ],
            "index": "pypi",
            "version": "==1.5.4"
        },
        "flake8": {
            "hashes": [
                "sha256:749dbbd6bfd0cf1318af27bf97a14e28e5ff548ef8e5b1566ccfb25a11e7c839",
                "sha256:aadae8761ec651813c24be05c6f7b4680857ef6afaae4651a4eccaef97ce6c3b"
            ],
            "index": "pypi",
            "version": "==3.8.4"
        },
        "isort": {
            "hashes": [
                "sha256:c729845434366216d320e936b8ad6f9d681aab72dc7cbc2d51bedc3582f3ad1e",
                "sha256:fff4f0c04e1825522ce6949973e83110a6e907750cd92d128b0d14aaaadbffdc"
            ],
            "index": "pypi",
            "version": "==5.7.0"
        },
        "lazy-object-proxy": {
            "hashes": [
                "sha256:0c4b206227a8097f05c4dbdd323c50edf81f15db3b8dc064d08c62d37e1a504d",
                "sha256:194d092e6f246b906e8f70884e620e459fc54db3259e60cf69a4d66c3fda3449",
                "sha256:1be7e4c9f96948003609aa6c974ae59830a6baecc5376c25c92d7d697e684c08",
                "sha256:4677f594e474c91da97f489fea5b7daa17b5517190899cf213697e48d3902f5a",
                "sha256:48dab84ebd4831077b150572aec802f303117c8cc5c871e182447281ebf3ac50",
                "sha256:5541cada25cd173702dbd99f8e22434105456314462326f06dba3e180f203dfd",
                "sha256:59f79fef100b09564bc2df42ea2d8d21a64fdcda64979c0fa3db7bdaabaf6239",
                "sha256:8d859b89baf8ef7f8bc6b00aa20316483d67f0b1cbf422f5b4dc56701c8f2ffb",
                "sha256:9254f4358b9b541e3441b007a0ea0764b9d056afdeafc1a5569eee1cc6c1b9ea",
                "sha256:9651375199045a358eb6741df3e02a651e0330be090b3bc79f6d0de31a80ec3e",
                "sha256:97bb5884f6f1cdce0099f86b907aa41c970c3c672ac8b9c8352789e103cf3156",
                "sha256:9b15f3f4c0f35727d3a0fba4b770b3c4ebbb1fa907dbcc046a1d2799f3edd142",
                "sha256:a2238e9d1bb71a56cd710611a1614d1194dc10a175c1e08d75e1a7bcc250d442",
                "sha256:a6ae12d08c0bf9909ce12385803a543bfe99b95fe01e752536a60af2b7797c62",
                "sha256:ca0a928a3ddbc5725be2dd1cf895ec0a254798915fb3a36af0964a0a4149e3db",
                "sha256:cb2c7c57005a6804ab66f106ceb8482da55f5314b7fcb06551db1edae4ad1531",
                "sha256:d74bb8693bf9cf75ac3b47a54d716bbb1a92648d5f781fc799347cfc95952383",
                "sha256:d945239a5639b3ff35b70a88c5f2f491913eb94871780ebfabb2568bd58afc5a",
                "sha256:eba7011090323c1dadf18b3b689845fd96a61ba0a1dfbd7f24b921398affc357",
                "sha256:efa1909120ce98bbb3777e8b6f92237f5d5c8ea6758efea36a473e1d38f7d3e4",
                "sha256:f3900e8a5de27447acbf900b4750b0ddfd7ec1ea7fbaf11dfa911141bc522af0"
            ],
            "markers": "python_version >= '2.7' and python_version not in '3.0, 3.1, 3.2, 3.3'",
            "version": "==1.4.3"
        },
        "mccabe": {
            "hashes": [
                "sha256:ab8a6258860da4b6677da4bd2fe5dc2c659cff31b3ee4f7f5d64e79735b80d42",
                "sha256:dd8d182285a0fe56bace7f45b5e7d1a6ebcbf524e8f3bd87eb0f125271b8831f"
            ],
            "version": "==0.6.1"
        },
        "pycodestyle": {
            "hashes": [
                "sha256:2295e7b2f6b5bd100585ebcb1f616591b652db8a741695b3d8f5d28bdc934367",
                "sha256:c58a7d2815e0e8d7972bf1803331fb0152f867bd89adf8a01dfd55085434192e"
            ],
            "markers": "python_version >= '2.7' and python_version not in '3.0, 3.1, 3.2, 3.3'",
            "version": "==2.6.0"
        },
        "pyflakes": {
            "hashes": [
                "sha256:0d94e0e05a19e57a99444b6ddcf9a6eb2e5c68d3ca1e98e90707af8152c90a92",
                "sha256:35b2d75ee967ea93b55750aa9edbbf72813e06a66ba54438df2cfac9e3c27fc8"
            ],
            "markers": "python_version >= '2.7' and python_version not in '3.0, 3.1, 3.2, 3.3'",
            "version": "==2.2.0"
        },
        "pylint": {
            "hashes": [
                "sha256:bb4a908c9dadbc3aac18860550e870f58e1a02c9f2c204fdf5693d73be061210",
                "sha256:bfe68f020f8a0fece830a22dd4d5dddb4ecc6137db04face4c3420a46a52239f"
            ],
            "index": "pypi",
            "version": "==2.6.0"
        },
        "six": {
            "hashes": [
                "sha256:30639c035cdb23534cd4aa2dd52c3bf48f06e5f4a941509c8bafd8ce11080259",
                "sha256:8b74bedcbbbaca38ff6d7491d76f2b06b3592611af620f8426e82dddb04a5ced"
            ],
            "markers": "python_version >= '2.7' and python_version not in '3.0, 3.1, 3.2, 3.3'",
            "version": "==1.15.0"
        },
        "toml": {
            "hashes": [
                "sha256:806143ae5bfb6a3c6e736a764057db0e6a0e05e338b5630894a5f779cabb4f9b",
                "sha256:b3bda1d108d5dd99f4a20d24d9c348e91c4db7ab1b749200bded2f839ccbe68f"
            ],
            "markers": "python_version >= '2.6' and python_version not in '3.0, 3.1, 3.2, 3.3'",
            "version": "==0.10.2"
        },
        "wrapt": {
            "hashes": [
                "sha256:b62ffa81fb85f4332a4f609cab4ac40709470da05643a082ec1eb88e6d9b97d7"
            ],
            "version": "==1.12.1"
        }
    }
}
